// !$*UTF8*$!
{
	archiveVersion = 1;
	classes = {
	};
	objectVersion = 46;
	objects = {

/* Begin PBXBuildFile section */
		00BE654C187D1CDE001537B8 /* Foundation.framework in Frameworks */ = {isa = PBXBuildFile; fileRef = 00BE654B187D1CDE001537B8 /* Foundation.framework */; };
		00BE654E187D1CDE001537B8 /* CoreGraphics.framework in Frameworks */ = {isa = PBXBuildFile; fileRef = 00BE654D187D1CDE001537B8 /* CoreGraphics.framework */; };
		00BE6550187D1CDE001537B8 /* UIKit.framework in Frameworks */ = {isa = PBXBuildFile; fileRef = 00BE654F187D1CDE001537B8 /* UIKit.framework */; };
		00BE6556187D1CDE001537B8 /* InfoPlist.strings in Resources */ = {isa = PBXBuildFile; fileRef = 00BE6554187D1CDE001537B8 /* InfoPlist.strings */; };
		00BE6558187D1CDE001537B8 /* main.m in Sources */ = {isa = PBXBuildFile; fileRef = 00BE6557187D1CDE001537B8 /* main.m */; };
		00BE655C187D1CDE001537B8 /* AppDelegate.m in Sources */ = {isa = PBXBuildFile; fileRef = 00BE655B187D1CDE001537B8 /* AppDelegate.m */; };
		00BE655F187D1CDE001537B8 /* Main.storyboard in Resources */ = {isa = PBXBuildFile; fileRef = 00BE655D187D1CDE001537B8 /* Main.storyboard */; };
		00BE6562187D1CDE001537B8 /* ViewController.m in Sources */ = {isa = PBXBuildFile; fileRef = 00BE6561187D1CDE001537B8 /* ViewController.m */; };
		00BE6564187D1CDF001537B8 /* Images.xcassets in Resources */ = {isa = PBXBuildFile; fileRef = 00BE6563187D1CDF001537B8 /* Images.xcassets */; };
		00BE656B187D1CDF001537B8 /* XCTest.framework in Frameworks */ = {isa = PBXBuildFile; fileRef = 00BE656A187D1CDF001537B8 /* XCTest.framework */; };
		00BE656C187D1CDF001537B8 /* Foundation.framework in Frameworks */ = {isa = PBXBuildFile; fileRef = 00BE654B187D1CDE001537B8 /* Foundation.framework */; };
		00BE656D187D1CDF001537B8 /* UIKit.framework in Frameworks */ = {isa = PBXBuildFile; fileRef = 00BE654F187D1CDE001537B8 /* UIKit.framework */; };
		00BE6575187D1CDF001537B8 /* InfoPlist.strings in Resources */ = {isa = PBXBuildFile; fileRef = 00BE6573187D1CDF001537B8 /* InfoPlist.strings */; };
		00BE6577187D1CDF001537B8 /* Ex249Tests.m in Sources */ = {isa = PBXBuildFile; fileRef = 00BE6576187D1CDF001537B8 /* Ex249Tests.m */; };
		00BE6581187D1D19001537B8 /* i0.jpeg in Resources */ = {isa = PBXBuildFile; fileRef = 00BE6580187D1D19001537B8 /* i0.jpeg */; };
		00BE6583187D1E6C001537B8 /* i3.jpeg in Resources */ = {isa = PBXBuildFile; fileRef = 00BE6582187D1E6C001537B8 /* i3.jpeg */; };
		00BE6585187D1F72001537B8 /* i2.jpeg in Resources */ = {isa = PBXBuildFile; fileRef = 00BE6584187D1F72001537B8 /* i2.jpeg */; };
/* End PBXBuildFile section */

/* Begin PBXContainerItemProxy section */
		00BE656E187D1CDF001537B8 /* PBXContainerItemProxy */ = {
			isa = PBXContainerItemProxy;
			containerPortal = 00BE6540187D1CDE001537B8 /* Project object */;
			proxyType = 1;
			remoteGlobalIDString = 00BE6547187D1CDE001537B8;
			remoteInfo = Ex249;
		};
/* End PBXContainerItemProxy section */

/* Begin PBXFileReference section */
		00BE6548187D1CDE001537B8 /* Ex249.app */ = {isa = PBXFileReference; explicitFileType = wrapper.application; includeInIndex = 0; path = Ex249.app; sourceTree = BUILT_PRODUCTS_DIR; };
		00BE654B187D1CDE001537B8 /* Foundation.framework */ = {isa = PBXFileReference; lastKnownFileType = wrapper.framework; name = Foundation.framework; path = System/Library/Frameworks/Foundation.framework; sourceTree = SDKROOT; };
		00BE654D187D1CDE001537B8 /* CoreGraphics.framework */ = {isa = PBXFileReference; lastKnownFileType = wrapper.framework; name = CoreGraphics.framework; path = System/Library/Frameworks/CoreGraphics.framework; sourceTree = SDKROOT; };
		00BE654F187D1CDE001537B8 /* UIKit.framework */ = {isa = PBXFileReference; lastKnownFileType = wrapper.framework; name = UIKit.framework; path = System/Library/Frameworks/UIKit.framework; sourceTree = SDKROOT; };
		00BE6553187D1CDE001537B8 /* Ex249-Info.plist */ = {isa = PBXFileReference; lastKnownFileType = text.plist.xml; path = "Ex249-Info.plist"; sourceTree = "<group>"; };
		00BE6555187D1CDE001537B8 /* en */ = {isa = PBXFileReference; lastKnownFileType = text.plist.strings; name = en; path = en.lproj/InfoPlist.strings; sourceTree = "<group>"; };
		00BE6557187D1CDE001537B8 /* main.m */ = {isa = PBXFileReference; lastKnownFileType = sourcecode.c.objc; path = main.m; sourceTree = "<group>"; };
		00BE6559187D1CDE001537B8 /* Ex249-Prefix.pch */ = {isa = PBXFileReference; lastKnownFileType = sourcecode.c.h; path = "Ex249-Prefix.pch"; sourceTree = "<group>"; };
		00BE655A187D1CDE001537B8 /* AppDelegate.h */ = {isa = PBXFileReference; lastKnownFileType = sourcecode.c.h; path = AppDelegate.h; sourceTree = "<group>"; };
		00BE655B187D1CDE001537B8 /* AppDelegate.m */ = {isa = PBXFileReference; lastKnownFileType = sourcecode.c.objc; path = AppDelegate.m; sourceTree = "<group>"; };
		00BE655E187D1CDE001537B8 /* Base */ = {isa = PBXFileReference; lastKnownFileType = file.storyboard; name = Base; path = Base.lproj/Main.storyboard; sourceTree = "<group>"; };
		00BE6560187D1CDE001537B8 /* ViewController.h */ = {isa = PBXFileReference; lastKnownFileType = sourcecode.c.h; path = ViewController.h; sourceTree = "<group>"; };
		00BE6561187D1CDE001537B8 /* ViewController.m */ = {isa = PBXFileReference; lastKnownFileType = sourcecode.c.objc; path = ViewController.m; sourceTree = "<group>"; };
		00BE6563187D1CDF001537B8 /* Images.xcassets */ = {isa = PBXFileReference; lastKnownFileType = folder.assetcatalog; path = Images.xcassets; sourceTree = "<group>"; };
		00BE6569187D1CDF001537B8 /* Ex249Tests.xctest */ = {isa = PBXFileReference; explicitFileType = wrapper.cfbundle; includeInIndex = 0; path = Ex249Tests.xctest; sourceTree = BUILT_PRODUCTS_DIR; };
		00BE656A187D1CDF001537B8 /* XCTest.framework */ = {isa = PBXFileReference; lastKnownFileType = wrapper.framework; name = XCTest.framework; path = Library/Frameworks/XCTest.framework; sourceTree = DEVELOPER_DIR; };
		00BE6572187D1CDF001537B8 /* Ex249Tests-Info.plist */ = {isa = PBXFileReference; lastKnownFileType = text.plist.xml; path = "Ex249Tests-Info.plist"; sourceTree = "<group>"; };
		00BE6574187D1CDF001537B8 /* en */ = {isa = PBXFileReference; lastKnownFileType = text.plist.strings; name = en; path = en.lproj/InfoPlist.strings; sourceTree = "<group>"; };
		00BE6576187D1CDF001537B8 /* Ex249Tests.m */ = {isa = PBXFileReference; lastKnownFileType = sourcecode.c.objc; path = Ex249Tests.m; sourceTree = "<group>"; };
		00BE6580187D1D19001537B8 /* i0.jpeg */ = {isa = PBXFileReference; lastKnownFileType = image.jpeg; path = i0.jpeg; sourceTree = "<group>"; };
		00BE6582187D1E6C001537B8 /* i3.jpeg */ = {isa = PBXFileReference; lastKnownFileType = image.jpeg; path = i3.jpeg; sourceTree = "<group>"; };
		00BE6584187D1F72001537B8 /* i2.jpeg */ = {isa = PBXFileReference; lastKnownFileType = image.jpeg; path = i2.jpeg; sourceTree = "<group>"; };
/* End PBXFileReference section */

/* Begin PBXFrameworksBuildPhase section */
		00BE6545187D1CDE001537B8 /* Frameworks */ = {
			isa = PBXFrameworksBuildPhase;
			buildActionMask = 2147483647;
			files = (
				00BE654E187D1CDE001537B8 /* CoreGraphics.framework in Frameworks */,
				00BE6550187D1CDE001537B8 /* UIKit.framework in Frameworks */,
				00BE654C187D1CDE001537B8 /* Foundation.framework in Frameworks */,
			);
			runOnlyForDeploymentPostprocessing = 0;
		};
		00BE6566187D1CDF001537B8 /* Frameworks */ = {
			isa = PBXFrameworksBuildPhase;
			buildActionMask = 2147483647;
			files = (
				00BE656B187D1CDF001537B8 /* XCTest.framework in Frameworks */,
				00BE656D187D1CDF001537B8 /* UIKit.framework in Frameworks */,
				00BE656C187D1CDF001537B8 /* Foundation.framework in Frameworks */,
			);
			runOnlyForDeploymentPostprocessing = 0;
		};
/* End PBXFrameworksBuildPhase section */

/* Begin PBXGroup section */
		00BE653F187D1CDE001537B8 = {
			isa = PBXGroup;
			children = (
				00BE6584187D1F72001537B8 /* i2.jpeg */,
				00BE6582187D1E6C001537B8 /* i3.jpeg */,
				00BE6580187D1D19001537B8 /* i0.jpeg */,
				00BE6551187D1CDE001537B8 /* Ex249 */,
				00BE6570187D1CDF001537B8 /* Ex249Tests */,
				00BE654A187D1CDE001537B8 /* Frameworks */,
				00BE6549187D1CDE001537B8 /* Products */,
			);
			sourceTree = "<group>";
		};
		00BE6549187D1CDE001537B8 /* Products */ = {
			isa = PBXGroup;
			children = (
				00BE6548187D1CDE001537B8 /* Ex249.app */,
				00BE6569187D1CDF001537B8 /* Ex249Tests.xctest */,
			);
			name = Products;
			sourceTree = "<group>";
		};
		00BE654A187D1CDE001537B8 /* Frameworks */ = {
			isa = PBXGroup;
			children = (
				00BE654B187D1CDE001537B8 /* Foundation.framework */,
				00BE654D187D1CDE001537B8 /* CoreGraphics.framework */,
				00BE654F187D1CDE001537B8 /* UIKit.framework */,
				00BE656A187D1CDF001537B8 /* XCTest.framework */,
			);
			name = Frameworks;
			sourceTree = "<group>";
		};
		00BE6551187D1CDE001537B8 /* Ex249 */ = {
			isa = PBXGroup;
			children = (
				00BE655A187D1CDE001537B8 /* AppDelegate.h */,
				00BE655B187D1CDE001537B8 /* AppDelegate.m */,
				00BE655D187D1CDE001537B8 /* Main.storyboard */,
				00BE6560187D1CDE001537B8 /* ViewController.h */,
				00BE6561187D1CDE001537B8 /* ViewController.m */,
				00BE6563187D1CDF001537B8 /* Images.xcassets */,
				00BE6552187D1CDE001537B8 /* Supporting Files */,
			);
			path = Ex249;
			sourceTree = "<group>";
		};
		00BE6552187D1CDE001537B8 /* Supporting Files */ = {
			isa = PBXGroup;
			children = (
				00BE6553187D1CDE001537B8 /* Ex249-Info.plist */,
				00BE6554187D1CDE001537B8 /* InfoPlist.strings */,
				00BE6557187D1CDE001537B8 /* main.m */,
				00BE6559187D1CDE001537B8 /* Ex249-Prefix.pch */,
			);
			name = "Supporting Files";
			sourceTree = "<group>";
		};
		00BE6570187D1CDF001537B8 /* Ex249Tests */ = {
			isa = PBXGroup;
			children = (
				00BE6576187D1CDF001537B8 /* Ex249Tests.m */,
				00BE6571187D1CDF001537B8 /* Supporting Files */,
			);
			path = Ex249Tests;
			sourceTree = "<group>";
		};
		00BE6571187D1CDF001537B8 /* Supporting Files */ = {
			isa = PBXGroup;
			children = (
				00BE6572187D1CDF001537B8 /* Ex249Tests-Info.plist */,
				00BE6573187D1CDF001537B8 /* InfoPlist.strings */,
			);
			name = "Supporting Files";
			sourceTree = "<group>";
		};
/* End PBXGroup section */

/* Begin PBXNativeTarget section */
		00BE6547187D1CDE001537B8 /* Ex249 */ = {
			isa = PBXNativeTarget;
			buildConfigurationList = 00BE657A187D1CDF001537B8 /* Build configuration list for PBXNativeTarget "Ex249" */;
			buildPhases = (
				00BE6544187D1CDE001537B8 /* Sources */,
				00BE6545187D1CDE001537B8 /* Frameworks */,
				00BE6546187D1CDE001537B8 /* Resources */,
			);
			buildRules = (
			);
			dependencies = (
			);
			name = Ex249;
			productName = Ex249;
			productReference = 00BE6548187D1CDE001537B8 /* Ex249.app */;
			productType = "com.apple.product-type.application";
		};
		00BE6568187D1CDF001537B8 /* Ex249Tests */ = {
			isa = PBXNativeTarget;
			buildConfigurationList = 00BE657D187D1CDF001537B8 /* Build configuration list for PBXNativeTarget "Ex249Tests" */;
			buildPhases = (
				00BE6565187D1CDF001537B8 /* Sources */,
				00BE6566187D1CDF001537B8 /* Frameworks */,
				00BE6567187D1CDF001537B8 /* Resources */,
			);
			buildRules = (
			);
			dependencies = (
				00BE656F187D1CDF001537B8 /* PBXTargetDependency */,
			);
			name = Ex249Tests;
			productName = Ex249Tests;
			productReference = 00BE6569187D1CDF001537B8 /* Ex249Tests.xctest */;
			productType = "com.apple.product-type.bundle.unit-test";
		};
/* End PBXNativeTarget section */

/* Begin PBXProject section */
		00BE6540187D1CDE001537B8 /* Project object */ = {
			isa = PBXProject;
			attributes = {
				LastUpgradeCheck = 0500;
				ORGANIZATIONNAME = "SDT-1";
				TargetAttributes = {
					00BE6568187D1CDF001537B8 = {
						TestTargetID = 00BE6547187D1CDE001537B8;
					};
				};
			};
			buildConfigurationList = 00BE6543187D1CDE001537B8 /* Build configuration list for PBXProject "Ex249" */;
			compatibilityVersion = "Xcode 3.2";
			developmentRegion = English;
			hasScannedForEncodings = 0;
			knownRegions = (
				en,
				Base,
			);
			mainGroup = 00BE653F187D1CDE001537B8;
			productRefGroup = 00BE6549187D1CDE001537B8 /* Products */;
			projectDirPath = "";
			projectRoot = "";
			targets = (
				00BE6547187D1CDE001537B8 /* Ex249 */,
				00BE6568187D1CDF001537B8 /* Ex249Tests */,
			);
		};
/* End PBXProject section */

/* Begin PBXResourcesBuildPhase section */
		00BE6546187D1CDE001537B8 /* Resources */ = {
			isa = PBXResourcesBuildPhase;
			buildActionMask = 2147483647;
			files = (
				00BE6585187D1F72001537B8 /* i2.jpeg in Resources */,
				00BE6581187D1D19001537B8 /* i0.jpeg in Resources */,
				00BE6583187D1E6C001537B8 /* i3.jpeg in Resources */,
				00BE6564187D1CDF001537B8 /* Images.xcassets in Resources */,
				00BE6556187D1CDE001537B8 /* InfoPlist.strings in Resources */,
				00BE655F187D1CDE001537B8 /* Main.storyboard in Resources */,
			);
			runOnlyForDeploymentPostprocessing = 0;
		};
		00BE6567187D1CDF001537B8 /* Resources */ = {
			isa = PBXResourcesBuildPhase;
			buildActionMask = 2147483647;
			files = (
				00BE6575187D1CDF001537B8 /* InfoPlist.strings in Resources */,
			);
			runOnlyForDeploymentPostprocessing = 0;
		};
/* End PBXResourcesBuildPhase section */

/* Begin PBXSourcesBuildPhase section */
		00BE6544187D1CDE001537B8 /* Sources */ = {
			isa = PBXSourcesBuildPhase;
			buildActionMask = 2147483647;
			files = (
				00BE6562187D1CDE001537B8 /* ViewController.m in Sources */,
				00BE655C187D1CDE001537B8 /* AppDelegate.m in Sources */,
				00BE6558187D1CDE001537B8 /* main.m in Sources */,
			);
			runOnlyForDeploymentPostprocessing = 0;
		};
		00BE6565187D1CDF001537B8 /* Sources */ = {
			isa = PBXSourcesBuildPhase;
			buildActionMask = 2147483647;
			files = (
				00BE6577187D1CDF001537B8 /* Ex249Tests.m in Sources */,
			);
			runOnlyForDeploymentPostprocessing = 0;
		};
/* End PBXSourcesBuildPhase section */

/* Begin PBXTargetDependency section */
		00BE656F187D1CDF001537B8 /* PBXTargetDependency */ = {
			isa = PBXTargetDependency;
			target = 00BE6547187D1CDE001537B8 /* Ex249 */;
			targetProxy = 00BE656E187D1CDF001537B8 /* PBXContainerItemProxy */;
		};
/* End PBXTargetDependency section */

/* Begin PBXVariantGroup section */
		00BE6554187D1CDE001537B8 /* InfoPlist.strings */ = {
			isa = PBXVariantGroup;
			children = (
				00BE6555187D1CDE001537B8 /* en */,
			);
			name = InfoPlist.strings;
			sourceTree = "<group>";
		};
		00BE655D187D1CDE001537B8 /* Main.storyboard */ = {
			isa = PBXVariantGroup;
			children = (
				00BE655E187D1CDE001537B8 /* Base */,
			);
			name = Main.storyboard;
			sourceTree = "<group>";
		};
		00BE6573187D1CDF001537B8 /* InfoPlist.strings */ = {
			isa = PBXVariantGroup;
			children = (
				00BE6574187D1CDF001537B8 /* en */,
			);
			name = InfoPlist.strings;
			sourceTree = "<group>";
		};
/* End PBXVariantGroup section */

/* Begin XCBuildConfiguration section */
		00BE6578187D1CDF001537B8 /* Debug */ = {
			isa = XCBuildConfiguration;
			buildSettings = {
				ALWAYS_SEARCH_USER_PATHS = NO;
				ARCHS = "$(ARCHS_STANDARD_INCLUDING_64_BIT)";
				CLANG_CXX_LANGUAGE_STANDARD = "gnu++0x";
				CLANG_CXX_LIBRARY = "libc++";
				CLANG_ENABLE_MODULES = YES;
				CLANG_ENABLE_OBJC_ARC = YES;
				CLANG_WARN_BOOL_CONVERSION = YES;
				CLANG_WARN_CONSTANT_CONVERSION = YES;
				CLANG_WARN_DIRECT_OBJC_ISA_USAGE = YES_ERROR;
				CLANG_WARN_EMPTY_BODY = YES;
				CLANG_WARN_ENUM_CONVERSION = YES;
				CLANG_WARN_INT_CONVERSION = YES;
				CLANG_WARN_OBJC_ROOT_CLASS = YES_ERROR;
				CLANG_WARN__DUPLICATE_METHOD_MATCH = YES;
				"CODE_SIGN_IDENTITY[sdk=iphoneos*]" = "iPhone Developer";
				COPY_PHASE_STRIP = NO;
				GCC_C_LANGUAGE_STANDARD = gnu99;
				GCC_DYNAMIC_NO_PIC = NO;
				GCC_OPTIMIZATION_LEVEL = 0;
				GCC_PREPROCESSOR_DEFINITIONS = (
					"DEBUG=1",
					"$(inherited)",
				);
				GCC_SYMBOLS_PRIVATE_EXTERN = NO;
				GCC_WARN_64_TO_32_BIT_CONVERSION = YES;
				GCC_WARN_ABOUT_RETURN_TYPE = YES_ERROR;
				GCC_WARN_UNDECLARED_SELECTOR = YES;
				GCC_WARN_UNINITIALIZED_AUTOS = YES;
				GCC_WARN_UNUSED_FUNCTION = YES;
				GCC_WARN_UNUSED_VARIABLE = YES;
				IPHONEOS_DEPLOYMENT_TARGET = 7.0;
				ONLY_ACTIVE_ARCH = YES;
				SDKROOT = iphoneos;
			};
			name = Debug;
		};
		00BE6579187D1CDF001537B8 /* Release */ = {
			isa = XCBuildConfiguration;
			buildSettings = {
				ALWAYS_SEARCH_USER_PATHS = NO;
				ARCHS = "$(ARCHS_STANDARD_INCLUDING_64_BIT)";
				CLANG_CXX_LANGUAGE_STANDARD = "gnu++0x";
				CLANG_CXX_LIBRARY = "libc++";
				CLANG_ENABLE_MODULES = YES;
				CLANG_ENABLE_OBJC_ARC = YES;
				CLANG_WARN_BOOL_CONVERSION = YES;
				CLANG_WARN_CONSTANT_CONVERSION = YES;
				CLANG_WARN_DIRECT_OBJC_ISA_USAGE = YES_ERROR;
				CLANG_WARN_EMPTY_BODY = YES;
				CLANG_WARN_ENUM_CONVERSION = YES;
				CLANG_WARN_INT_CONVERSION = YES;
				CLANG_WARN_OBJC_ROOT_CLASS = YES_ERROR;
				CLANG_WARN__DUPLICATE_METHOD_MATCH = YES;
				"CODE_SIGN_IDENTITY[sdk=iphoneos*]" = "iPhone Developer";
				COPY_PHASE_STRIP = YES;
				ENABLE_NS_ASSERTIONS = NO;
				GCC_C_LANGUAGE_STANDARD = gnu99;
				GCC_WARN_64_TO_32_BIT_CONVERSION = YES;
				GCC_WARN_ABOUT_RETURN_TYPE = YES_ERROR;
				GCC_WARN_UNDECLARED_SELECTOR = YES;
				GCC_WARN_UNINITIALIZED_AUTOS = YES;
				GCC_WARN_UNUSED_FUNCTION = YES;
				GCC_WARN_UNUSED_VARIABLE = YES;
				IPHONEOS_DEPLOYMENT_TARGET = 7.0;
				SDKROOT = iphoneos;
				VALIDATE_PRODUCT = YES;
			};
			name = Release;
		};
		00BE657B187D1CDF001537B8 /* Debug */ = {
			isa = XCBuildConfiguration;
			buildSettings = {
				ASSETCATALOG_COMPILER_APPICON_NAME = AppIcon;
				ASSETCATALOG_COMPILER_LAUNCHIMAGE_NAME = LaunchImage;
				GCC_PRECOMPILE_PREFIX_HEADER = YES;
				GCC_PREFIX_HEADER = "Ex249/Ex249-Prefix.pch";
				INFOPLIST_FILE = "Ex249/Ex249-Info.plist";
				PRODUCT_NAME = "$(TARGET_NAME)";
				WRAPPER_EXTENSION = app;
			};
			name = Debug;
		};
		00BE657C187D1CDF001537B8 /* Release */ = {
			isa = XCBuildConfiguration;
			buildSettings = {
				ASSETCATALOG_COMPILER_APPICON_NAME = AppIcon;
				ASSETCATALOG_COMPILER_LAUNCHIMAGE_NAME = LaunchImage;
				GCC_PRECOMPILE_PREFIX_HEADER = YES;
				GCC_PREFIX_HEADER = "Ex249/Ex249-Prefix.pch";
				INFOPLIST_FILE = "Ex249/Ex249-Info.plist";
				PRODUCT_NAME = "$(TARGET_NAME)";
				WRAPPER_EXTENSION = app;
			};
			name = Release;
		};
		00BE657E187D1CDF001537B8 /* Debug */ = {
			isa = XCBuildConfiguration;
			buildSettings = {
				ARCHS = "$(ARCHS_STANDARD_INCLUDING_64_BIT)";
				BUNDLE_LOADER = "$(BUILT_PRODUCTS_DIR)/Ex249.app/Ex249";
				FRAMEWORK_SEARCH_PATHS = (
					"$(SDKROOT)/Developer/Library/Frameworks",
					"$(inherited)",
					"$(DEVELOPER_FRAMEWORKS_DIR)",
				);
				GCC_PRECOMPILE_PREFIX_HEADER = YES;
				GCC_PREFIX_HEADER = "Ex249/Ex249-Prefix.pch";
				GCC_PREPROCESSOR_DEFINITIONS = (
					"DEBUG=1",
					"$(inherited)",
				);
				INFOPLIST_FILE = "Ex249Tests/Ex249Tests-Info.plist";
				PRODUCT_NAME = "$(TARGET_NAME)";
				TEST_HOST = "$(BUNDLE_LOADER)";
				WRAPPER_EXTENSION = xctest;
			};
			name = Debug;
		};
		00BE657F187D1CDF001537B8 /* Release */ = {
			isa = XCBuildConfiguration;
			buildSettings = {
				ARCHS = "$(ARCHS_STANDARD_INCLUDING_64_BIT)";
				BUNDLE_LOADER = "$(BUILT_PRODUCTS_DIR)/Ex249.app/Ex249";
				FRAMEWORK_SEARCH_PATHS = (
					"$(SDKROOT)/Developer/Library/Frameworks",
					"$(inherited)",
					"$(DEVELOPER_FRAMEWORKS_DIR)",
				);
				GCC_PRECOMPILE_PREFIX_HEADER = YES;
				GCC_PREFIX_HEADER = "Ex249/Ex249-Prefix.pch";
				INFOPLIST_FILE = "Ex249Tests/Ex249Tests-Info.plist";
				PRODUCT_NAME = "$(TARGET_NAME)";
				TEST_HOST = "$(BUNDLE_LOADER)";
				WRAPPER_EXTENSION = xctest;
			};
			name = Release;
		};
/* End XCBuildConfiguration section */

/* Begin XCConfigurationList section */
		00BE6543187D1CDE001537B8 /* Build configuration list for PBXProject "Ex249" */ = {
			isa = XCConfigurationList;
			buildConfigurations = (
				00BE6578187D1CDF001537B8 /* Debug */,
				00BE6579187D1CDF001537B8 /* Release */,
			);
			defaultConfigurationIsVisible = 0;
			defaultConfigurationName = Release;
		};
		00BE657A187D1CDF001537B8 /* Build configuration list for PBXNativeTarget "Ex249" */ = {
			isa = XCConfigurationList;
			buildConfigurations = (
				00BE657B187D1CDF001537B8 /* Debug */,
				00BE657C187D1CDF001537B8 /* Release */,
			);
			defaultConfigurationIsVisible = 0;
		};
		00BE657D187D1CDF001537B8 /* Build configuration list for PBXNativeTarget "Ex249Tests" */ = {
			isa = XCConfigurationList;
			buildConfigurations = (
				00BE657E187D1CDF001537B8 /* Debug */,
				00BE657F187D1CDF001537B8 /* Release */,
			);
			defaultConfigurationIsVisible = 0;
		};
/* End XCConfigurationList section */
	};
	rootObject = 00BE6540187D1CDE001537B8 /* Project object */;
}
